
Microsoft Visual Studio Solution File, Format Version 12.00
# Visual Studio Version 16
VisualStudioVersion = 16.0.29306.81
MinimumVisualStudioVersion = 10.0.40219.1
Project("{F184B08F-C81C-45F6-A57F-5ABD9991F28F}") = "High_Total_Game", "High_Total_Game\High_Total_Game.vbproj", "{E7D52C79-67F3-4377-8EFD-C56E1CAE73E7}"
EndProject
Global
	GlobalSection(SolutionConfigurationPlatforms) = preSolution
		Debug|Any CPU = Debug|Any CPU
		Release|Any CPU = Release|Any CPU
	EndGlobalSection
	GlobalSection(ProjectConfigurationPlatforms) = postSolution
		{E7D52C79-67F3-4377-8EFD-C56E1CAE73E7}.Debug|Any CPU.ActiveCfg = Debug|Any CPU
		{E7D52C79-67F3-4377-8EFD-C56E1CAE73E7}.Debug|Any CPU.Build.0 = Debug|Any CPU
		{E7D52C79-67F3-4377-8EFD-C56E1CAE73E7}.Release|Any CPU.ActiveCfg = Release|Any CPU
		{E7D52C79-67F3-4377-8EFD-C56E1CAE73E7}.Release|Any CPU.Build.0 = Release|Any CPU
	EndGlobalSection
	GlobalSection(SolutionProperties) = preSolution
		HideSolutionNode = FALSE
	EndGlobalSection
	GlobalSection(ExtensibilityGlobals) = postSolution
		SolutionGuid = {F40F7D42-DAC4-493F-B1D4-3E6214A700B7}
	EndGlobalSection
EndGlobal
